
Microsoft Visual Studio Solution File, Format Version 12.00
# Visual Studio 14
VisualStudioVersion = 14.0.24720.0
MinimumVisualStudioVersion = 10.0.40219.1
Project("{FAE04EC0-301F-11D3-BF4B-00C04F79EFBC}") = "01-Timer", "01-Timer\01-Timer.csproj", "{FB90AF14-7DD8-4704-B5C1-6234DDCDE958}"
EndProject
Project("{FAE04EC0-301F-11D3-BF4B-00C04F79EFBC}") = "02-Timer", "02-Timer\02-Timer.csproj", "{A6F7EF62-7FBB-4CA8-89D9-EE0C7892DCFE}"
EndProject
Project("{FAE04EC0-301F-11D3-BF4B-00C04F79EFBC}") = "03-ThreadSuspend", "03-ThreadSuspend\03-ThreadSuspend.csproj", "{4EFC0E80-3CDF-4058-87F6-27C1F7FC17D4}"
EndProject
Project("{FAE04EC0-301F-11D3-BF4B-00C04F79EFBC}") = "04-Singleton", "04-Singleton\04-Singleton.csproj", "{E16E24D9-CB6B-4C77-AD52-02ADC44BC21D}"
EndProject
Project("{FAE04EC0-301F-11D3-BF4B-00C04F79EFBC}") = "05-ThreadLock", "05-ThreadLock\05-ThreadLock.csproj", "{530500F3-6D10-4A2E-8BFC-50C48098E169}"
EndProject
Project("{FAE04EC0-301F-11D3-BF4B-00C04F79EFBC}") = "06-WinForm.Currency", "06-WinForm.Currency\06-WinForm.Currency.csproj", "{F5837B55-AD2D-4C39-9F4A-51CDCBFFB624}"
EndProject
Global
	GlobalSection(SolutionConfigurationPlatforms) = preSolution
		Debug|Any CPU = Debug|Any CPU
		Release|Any CPU = Release|Any CPU
	EndGlobalSection
	GlobalSection(ProjectConfigurationPlatforms) = postSolution
		{FB90AF14-7DD8-4704-B5C1-6234DDCDE958}.Debug|Any CPU.ActiveCfg = Debug|Any CPU
		{FB90AF14-7DD8-4704-B5C1-6234DDCDE958}.Debug|Any CPU.Build.0 = Debug|Any CPU
		{FB90AF14-7DD8-4704-B5C1-6234DDCDE958}.Release|Any CPU.ActiveCfg = Release|Any CPU
		{FB90AF14-7DD8-4704-B5C1-6234DDCDE958}.Release|Any CPU.Build.0 = Release|Any CPU
		{A6F7EF62-7FBB-4CA8-89D9-EE0C7892DCFE}.Debug|Any CPU.ActiveCfg = Debug|Any CPU
		{A6F7EF62-7FBB-4CA8-89D9-EE0C7892DCFE}.Debug|Any CPU.Build.0 = Debug|Any CPU
		{A6F7EF62-7FBB-4CA8-89D9-EE0C7892DCFE}.Release|Any CPU.ActiveCfg = Release|Any CPU
		{A6F7EF62-7FBB-4CA8-89D9-EE0C7892DCFE}.Release|Any CPU.Build.0 = Release|Any CPU
		{4EFC0E80-3CDF-4058-87F6-27C1F7FC17D4}.Debug|Any CPU.ActiveCfg = Debug|Any CPU
		{4EFC0E80-3CDF-4058-87F6-27C1F7FC17D4}.Debug|Any CPU.Build.0 = Debug|Any CPU
		{4EFC0E80-3CDF-4058-87F6-27C1F7FC17D4}.Release|Any CPU.ActiveCfg = Release|Any CPU
		{4EFC0E80-3CDF-4058-87F6-27C1F7FC17D4}.Release|Any CPU.Build.0 = Release|Any CPU
		{E16E24D9-CB6B-4C77-AD52-02ADC44BC21D}.Debug|Any CPU.ActiveCfg = Debug|Any CPU
		{E16E24D9-CB6B-4C77-AD52-02ADC44BC21D}.Debug|Any CPU.Build.0 = Debug|Any CPU
		{E16E24D9-CB6B-4C77-AD52-02ADC44BC21D}.Release|Any CPU.ActiveCfg = Release|Any CPU
		{E16E24D9-CB6B-4C77-AD52-02ADC44BC21D}.Release|Any CPU.Build.0 = Release|Any CPU
		{530500F3-6D10-4A2E-8BFC-50C48098E169}.Debug|Any CPU.ActiveCfg = Debug|Any CPU
		{530500F3-6D10-4A2E-8BFC-50C48098E169}.Debug|Any CPU.Build.0 = Debug|Any CPU
		{530500F3-6D10-4A2E-8BFC-50C48098E169}.Release|Any CPU.ActiveCfg = Release|Any CPU
		{530500F3-6D10-4A2E-8BFC-50C48098E169}.Release|Any CPU.Build.0 = Release|Any CPU
		{F5837B55-AD2D-4C39-9F4A-51CDCBFFB624}.Debug|Any CPU.ActiveCfg = Debug|Any CPU
		{F5837B55-AD2D-4C39-9F4A-51CDCBFFB624}.Debug|Any CPU.Build.0 = Debug|Any CPU
		{F5837B55-AD2D-4C39-9F4A-51CDCBFFB624}.Release|Any CPU.ActiveCfg = Release|Any CPU
		{F5837B55-AD2D-4C39-9F4A-51CDCBFFB624}.Release|Any CPU.Build.0 = Release|Any CPU
	EndGlobalSection
	GlobalSection(SolutionProperties) = preSolution
		HideSolutionNode = FALSE
	EndGlobalSection
EndGlobal
