
Microsoft Visual Studio Solution File, Format Version 12.00
# Visual Studio 14
VisualStudioVersion = 14.0.24720.0
MinimumVisualStudioVersion = 10.0.40219.1
Project("{FAE04EC0-301F-11D3-BF4B-00C04F79EFBC}") = "01-Counter", "01-Counter\01-Counter.csproj", "{FC07C13D-F558-438F-BDB7-DBB9E83EA512}"
EndProject
Project("{FAE04EC0-301F-11D3-BF4B-00C04F79EFBC}") = "02-Mutex", "02-Mutex\02-Mutex.csproj", "{2B3EF2D5-0050-4BF4-A2A0-B9624C395636}"
EndProject
Project("{FAE04EC0-301F-11D3-BF4B-00C04F79EFBC}") = "03-MutexOneProcess", "03-MutexOneProcess\03-MutexOneProcess.csproj", "{AAF8205D-49C5-49FE-A5EB-77FE300DE2EF}"
EndProject
Global
	GlobalSection(SolutionConfigurationPlatforms) = preSolution
		Debug|Any CPU = Debug|Any CPU
		Release|Any CPU = Release|Any CPU
	EndGlobalSection
	GlobalSection(ProjectConfigurationPlatforms) = postSolution
		{FC07C13D-F558-438F-BDB7-DBB9E83EA512}.Debug|Any CPU.ActiveCfg = Debug|Any CPU
		{FC07C13D-F558-438F-BDB7-DBB9E83EA512}.Debug|Any CPU.Build.0 = Debug|Any CPU
		{FC07C13D-F558-438F-BDB7-DBB9E83EA512}.Release|Any CPU.ActiveCfg = Release|Any CPU
		{FC07C13D-F558-438F-BDB7-DBB9E83EA512}.Release|Any CPU.Build.0 = Release|Any CPU
		{2B3EF2D5-0050-4BF4-A2A0-B9624C395636}.Debug|Any CPU.ActiveCfg = Debug|Any CPU
		{2B3EF2D5-0050-4BF4-A2A0-B9624C395636}.Debug|Any CPU.Build.0 = Debug|Any CPU
		{2B3EF2D5-0050-4BF4-A2A0-B9624C395636}.Release|Any CPU.ActiveCfg = Release|Any CPU
		{2B3EF2D5-0050-4BF4-A2A0-B9624C395636}.Release|Any CPU.Build.0 = Release|Any CPU
		{AAF8205D-49C5-49FE-A5EB-77FE300DE2EF}.Debug|Any CPU.ActiveCfg = Debug|Any CPU
		{AAF8205D-49C5-49FE-A5EB-77FE300DE2EF}.Debug|Any CPU.Build.0 = Debug|Any CPU
		{AAF8205D-49C5-49FE-A5EB-77FE300DE2EF}.Release|Any CPU.ActiveCfg = Release|Any CPU
		{AAF8205D-49C5-49FE-A5EB-77FE300DE2EF}.Release|Any CPU.Build.0 = Release|Any CPU
	EndGlobalSection
	GlobalSection(SolutionProperties) = preSolution
		HideSolutionNode = FALSE
	EndGlobalSection
EndGlobal
